
Microsoft Visual Studio Solution File, Format Version 12.00
# Visual Studio Version 17
VisualStudioVersion = 17.9.34723.18
MinimumVisualStudioVersion = 10.0.40219.1
Project("{FAE04EC0-301F-11D3-BF4B-00C04F79EFBC}") = "CICD+Docker student", "CICD+Docker student\CICD+Docker student.csproj", "{F6BD2BAC-E322-47F3-8EBA-37F053F93C7F}"
EndProject
Global
	GlobalSection(SolutionConfigurationPlatforms) = preSolution
		Debug|Any CPU = Debug|Any CPU
		Release|Any CPU = Release|Any CPU
	EndGlobalSection
	GlobalSection(ProjectConfigurationPlatforms) = postSolution
		{F6BD2BAC-E322-47F3-8EBA-37F053F93C7F}.Debug|Any CPU.ActiveCfg = Debug|Any CPU
		{F6BD2BAC-E322-47F3-8EBA-37F053F93C7F}.Debug|Any CPU.Build.0 = Debug|Any CPU
		{F6BD2BAC-E322-47F3-8EBA-37F053F93C7F}.Release|Any CPU.ActiveCfg = Release|Any CPU
		{F6BD2BAC-E322-47F3-8EBA-37F053F93C7F}.Release|Any CPU.Build.0 = Release|Any CPU
	EndGlobalSection
	GlobalSection(SolutionProperties) = preSolution
		HideSolutionNode = FALSE
	EndGlobalSection
	GlobalSection(ExtensibilityGlobals) = postSolution
		SolutionGuid = {3F3AAD99-60BD-4F80-99DA-92ABCE1FB3A7}
	EndGlobalSection
EndGlobal
